
Microsoft Visual Studio Solution File, Format Version 12.00
# Visual Studio 15
VisualStudioVersion = 15.0.27428.2037
MinimumVisualStudioVersion = 10.0.40219.1
Project("{FAE04EC0-301F-11D3-BF4B-00C04F79EFBC}") = "Combine_Sql", "Combine_Sql\Combine_Sql.csproj", "{0C3C045A-4137-4125-BD79-23D28278FEFB}"
EndProject
Project("{FAE04EC0-301F-11D3-BF4B-00C04F79EFBC}") = "Combine_Sql.Core", "Combine_Sql.Core\Combine_Sql.Core.csproj", "{F78561CD-C47F-40CE-B166-0F00F9FB5B5D}"
EndProject
Project("{FAE04EC0-301F-11D3-BF4B-00C04F79EFBC}") = "Combine_Sql.Input", "Combine_Sql.Input\Combine_Sql.Input.csproj", "{9A0C1074-E376-4F33-B2B2-7CE6E139B4E9}"
EndProject
Global
	GlobalSection(SolutionConfigurationPlatforms) = preSolution
		Debug|Any CPU = Debug|Any CPU
		Release|Any CPU = Release|Any CPU
	EndGlobalSection
	GlobalSection(ProjectConfigurationPlatforms) = postSolution
		{0C3C045A-4137-4125-BD79-23D28278FEFB}.Debug|Any CPU.ActiveCfg = Debug|Any CPU
		{0C3C045A-4137-4125-BD79-23D28278FEFB}.Debug|Any CPU.Build.0 = Debug|Any CPU
		{0C3C045A-4137-4125-BD79-23D28278FEFB}.Release|Any CPU.ActiveCfg = Release|Any CPU
		{0C3C045A-4137-4125-BD79-23D28278FEFB}.Release|Any CPU.Build.0 = Release|Any CPU
		{F78561CD-C47F-40CE-B166-0F00F9FB5B5D}.Debug|Any CPU.ActiveCfg = Debug|Any CPU
		{F78561CD-C47F-40CE-B166-0F00F9FB5B5D}.Debug|Any CPU.Build.0 = Debug|Any CPU
		{F78561CD-C47F-40CE-B166-0F00F9FB5B5D}.Release|Any CPU.ActiveCfg = Release|Any CPU
		{F78561CD-C47F-40CE-B166-0F00F9FB5B5D}.Release|Any CPU.Build.0 = Release|Any CPU
		{9A0C1074-E376-4F33-B2B2-7CE6E139B4E9}.Debug|Any CPU.ActiveCfg = Debug|Any CPU
		{9A0C1074-E376-4F33-B2B2-7CE6E139B4E9}.Debug|Any CPU.Build.0 = Debug|Any CPU
		{9A0C1074-E376-4F33-B2B2-7CE6E139B4E9}.Release|Any CPU.ActiveCfg = Release|Any CPU
		{9A0C1074-E376-4F33-B2B2-7CE6E139B4E9}.Release|Any CPU.Build.0 = Release|Any CPU
	EndGlobalSection
	GlobalSection(SolutionProperties) = preSolution
		HideSolutionNode = FALSE
	EndGlobalSection
	GlobalSection(ExtensibilityGlobals) = postSolution
		SolutionGuid = {4C0A74DC-F184-4EA6-BF51-9FC00B2F00E6}
	EndGlobalSection
EndGlobal
